// !$*UTF8*$!
{
	archiveVersion = 1;
	classes = {
	};
	objectVersion = 46;
	objects = {

/* Begin PBXBuildFile section */
		5809532814E6CFA400740756 /* SectionInfo.m in Sources */ = {isa = PBXBuildFile; fileRef = 5809532514E6CFA400740756 /* SectionInfo.m */; };
		5809532914E6CFA400740756 /* SectionHeaderView.m in Sources */ = {isa = PBXBuildFile; fileRef = 5809532714E6CFA400740756 /* SectionHeaderView.m */; };
		5809532F14E6CFC400740756 /* QuoteCell.m in Sources */ = {isa = PBXBuildFile; fileRef = 5809532C14E6CFC400740756 /* QuoteCell.m */; };
		5809533614E6CFFA00740756 /* Module.m in Sources */ = {isa = PBXBuildFile; fileRef = 5809533314E6CFFA00740756 /* Module.m */; };
		5809533714E6CFFA00740756 /* Lesson.m in Sources */ = {isa = PBXBuildFile; fileRef = 5809533514E6CFFA00740756 /* Lesson.m */; };
		5809533A14E6D01300740756 /* carat.png in Resources */ = {isa = PBXBuildFile; fileRef = 5809533814E6D01300740756 /* carat.png */; };
		5809533B14E6D01300740756 /* carat-open.png in Resources */ = {isa = PBXBuildFile; fileRef = 5809533914E6D01300740756 /* carat-open.png */; };
		5809533D14E6D06000740756 /* QuartzCore.framework in Frameworks */ = {isa = PBXBuildFile; fileRef = 5809533C14E6D06000740756 /* QuartzCore.framework */; };
		5818615614AAAF2100DEA945 /* UIKit.framework in Frameworks */ = {isa = PBXBuildFile; fileRef = 5818615514AAAF2100DEA945 /* UIKit.framework */; };
		5818615814AAAF2100DEA945 /* Foundation.framework in Frameworks */ = {isa = PBXBuildFile; fileRef = 5818615714AAAF2100DEA945 /* Foundation.framework */; };
		5818615A14AAAF2100DEA945 /* CoreGraphics.framework in Frameworks */ = {isa = PBXBuildFile; fileRef = 5818615914AAAF2100DEA945 /* CoreGraphics.framework */; };
		5818616014AAAF2100DEA945 /* InfoPlist.strings in Resources */ = {isa = PBXBuildFile; fileRef = 5818615E14AAAF2100DEA945 /* InfoPlist.strings */; };
		5818616214AAAF2100DEA945 /* main.m in Sources */ = {isa = PBXBuildFile; fileRef = 5818616114AAAF2100DEA945 /* main.m */; };
		5818616614AAAF2100DEA945 /* AppDelegate.m in Sources */ = {isa = PBXBuildFile; fileRef = 5818616514AAAF2100DEA945 /* AppDelegate.m */; };
		5818616914AAAF2100DEA945 /* ViewController.m in Sources */ = {isa = PBXBuildFile; fileRef = 5818616814AAAF2100DEA945 /* ViewController.m */; };
		5818616C14AAAF2100DEA945 /* ViewController_iPhone.xib in Resources */ = {isa = PBXBuildFile; fileRef = 5818616A14AAAF2100DEA945 /* ViewController_iPhone.xib */; };
		5818616F14AAAF2100DEA945 /* ViewController_iPad.xib in Resources */ = {isa = PBXBuildFile; fileRef = 5818616D14AAAF2100DEA945 /* ViewController_iPad.xib */; };
		5818617714AAB0B600DEA945 /* grammer in Resources */ = {isa = PBXBuildFile; fileRef = 5818617614AAB0B600DEA945 /* grammer */; };
		5825CBA614E702D200467271 /* QuoteCell.xib in Resources */ = {isa = PBXBuildFile; fileRef = 5825CBA514E702D200467271 /* QuoteCell.xib */; };
		5825CBB114E874CE00467271 /* Level.m in Sources */ = {isa = PBXBuildFile; fileRef = 5825CBB014E874CE00467271 /* Level.m */; };
		5825CBB514E8840600467271 /* levelIcon.png in Resources */ = {isa = PBXBuildFile; fileRef = 5825CBB414E8840600467271 /* levelIcon.png */; };
		5825CBB714E89DFA00467271 /* GT_Logo.png in Resources */ = {isa = PBXBuildFile; fileRef = 5825CBB614E89DFA00467271 /* GT_Logo.png */; };
		5825CBB914E89F4200467271 /* icon.png in Resources */ = {isa = PBXBuildFile; fileRef = 5825CBB814E89F4200467271 /* icon.png */; };
		5825CBBB14E89F5200467271 /* icon@2x.png in Resources */ = {isa = PBXBuildFile; fileRef = 5825CBBA14E89F5200467271 /* icon@2x.png */; };
		5825CBBD14E89F6000467271 /* icon72.png in Resources */ = {isa = PBXBuildFile; fileRef = 5825CBBC14E89F6000467271 /* icon72.png */; };
		58783AFB14D5A04D001DE059 /* NSObject+SBJSON.m in Sources */ = {isa = PBXBuildFile; fileRef = 58783AF014D5A04D001DE059 /* NSObject+SBJSON.m */; };
		58783AFC14D5A04D001DE059 /* NSString+SBJSON.m in Sources */ = {isa = PBXBuildFile; fileRef = 58783AF214D5A04D001DE059 /* NSString+SBJSON.m */; };
		58783AFD14D5A04D001DE059 /* SBJSON.m in Sources */ = {isa = PBXBuildFile; fileRef = 58783AF414D5A04D001DE059 /* SBJSON.m */; };
		58783AFE14D5A04D001DE059 /* SBJsonBase.m in Sources */ = {isa = PBXBuildFile; fileRef = 58783AF614D5A04D001DE059 /* SBJsonBase.m */; };
		58783AFF14D5A04D001DE059 /* SBJsonParser.m in Sources */ = {isa = PBXBuildFile; fileRef = 58783AF814D5A04D001DE059 /* SBJsonParser.m */; };
		58783B0014D5A04D001DE059 /* SBJsonWriter.m in Sources */ = {isa = PBXBuildFile; fileRef = 58783AFA14D5A04D001DE059 /* SBJsonWriter.m */; };
		58783B0314D5CC45001DE059 /* initDataModel.js in Resources */ = {isa = PBXBuildFile; fileRef = 58783B0114D5CC21001DE059 /* initDataModel.js */; };
		58783B2014D643C1001DE059 /* grammerManifest.plist in Resources */ = {isa = PBXBuildFile; fileRef = 58783B1F14D643C1001DE059 /* grammerManifest.plist */; };
		58D0937A14E9FFC0003DA53D /* UACellBackgroundView.m in Sources */ = {isa = PBXBuildFile; fileRef = 58D0937514E9FFC0003DA53D /* UACellBackgroundView.m */; };
		58D0937B14E9FFC0003DA53D /* ResultsTableViewCell.m in Sources */ = {isa = PBXBuildFile; fileRef = 58D0937814E9FFC0003DA53D /* ResultsTableViewCell.m */; };
		58D0937C14E9FFC0003DA53D /* ResultsTableCell.xib in Resources */ = {isa = PBXBuildFile; fileRef = 58D0937914E9FFC0003DA53D /* ResultsTableCell.xib */; };
		58D0937F14EA0065003DA53D /* NotebookPage.png in Resources */ = {isa = PBXBuildFile; fileRef = 58D0937D14EA0065003DA53D /* NotebookPage.png */; };
		58D0938014EA0065003DA53D /* NotebookPage@2x.png in Resources */ = {isa = PBXBuildFile; fileRef = 58D0937E14EA0065003DA53D /* NotebookPage@2x.png */; };
		58D0938214EA0FAC003DA53D /* paperPattern.png in Resources */ = {isa = PBXBuildFile; fileRef = 58D0938114EA0FAB003DA53D /* paperPattern.png */; };
		58E69C8B14DA30E200D3FB8D /* lesson_3.js in Resources */ = {isa = PBXBuildFile; fileRef = 58E69C8414DA30CC00D3FB8D /* lesson_3.js */; };
		58E69C8C14DA30E200D3FB8D /* lesson_2.js in Resources */ = {isa = PBXBuildFile; fileRef = 58E69C8514DA30CC00D3FB8D /* lesson_2.js */; };
		58E69C8D14DA30E200D3FB8D /* lesson_1.js in Resources */ = {isa = PBXBuildFile; fileRef = 58E69C8614DA30CC00D3FB8D /* lesson_1.js */; };
		58E69CA714DB95C600D3FB8D /* WelcomeToGM.png in Resources */ = {isa = PBXBuildFile; fileRef = 58E69CA614DB95C600D3FB8D /* WelcomeToGM.png */; };
/* End PBXBuildFile section */

/* Begin PBXFileReference section */
		5809532414E6CFA400740756 /* SectionInfo.h */ = {isa = PBXFileReference; fileEncoding = 4; lastKnownFileType = sourcecode.c.h; path = SectionInfo.h; sourceTree = "<group>"; };
		5809532514E6CFA400740756 /* SectionInfo.m */ = {isa = PBXFileReference; fileEncoding = 4; lastKnownFileType = sourcecode.c.objc; path = SectionInfo.m; sourceTree = "<group>"; };
		5809532614E6CFA400740756 /* SectionHeaderView.h */ = {isa = PBXFileReference; fileEncoding = 4; lastKnownFileType = sourcecode.c.h; path = SectionHeaderView.h; sourceTree = "<group>"; };
		5809532714E6CFA400740756 /* SectionHeaderView.m */ = {isa = PBXFileReference; fileEncoding = 4; lastKnownFileType = sourcecode.c.objc; path = SectionHeaderView.m; sourceTree = "<group>"; };
		5809532B14E6CFC400740756 /* QuoteCell.h */ = {isa = PBXFileReference; fileEncoding = 4; lastKnownFileType = sourcecode.c.h; path = QuoteCell.h; sourceTree = "<group>"; };
		5809532C14E6CFC400740756 /* QuoteCell.m */ = {isa = PBXFileReference; fileEncoding = 4; lastKnownFileType = sourcecode.c.objc; lineEnding = 0; path = QuoteCell.m; sourceTree = "<group>"; xcLanguageSpecificationIdentifier = xcode.lang.objc; };
		5809533214E6CFFA00740756 /* Module.h */ = {isa = PBXFileReference; fileEncoding = 4; lastKnownFileType = sourcecode.c.h; lineEnding = 0; path = Module.h; sourceTree = "<group>"; xcLanguageSpecificationIdentifier = xcode.lang.objcpp; };
		5809533314E6CFFA00740756 /* Module.m */ = {isa = PBXFileReference; fileEncoding = 4; lastKnownFileType = sourcecode.c.objc; path = Module.m; sourceTree = "<group>"; };
		5809533514E6CFFA00740756 /* Lesson.m */ = {isa = PBXFileReference; fileEncoding = 4; lastKnownFileType = sourcecode.c.objc; lineEnding = 0; path = Lesson.m; sourceTree = "<group>"; xcLanguageSpecificationIdentifier = xcode.lang.objc; };
		5809533814E6D01300740756 /* carat.png */ = {isa = PBXFileReference; lastKnownFileType = image.png; path = carat.png; sourceTree = "<group>"; };
		5809533914E6D01300740756 /* carat-open.png */ = {isa = PBXFileReference; lastKnownFileType = image.png; path = "carat-open.png"; sourceTree = "<group>"; };
		5809533C14E6D06000740756 /* QuartzCore.framework */ = {isa = PBXFileReference; lastKnownFileType = wrapper.framework; name = QuartzCore.framework; path = System/Library/Frameworks/QuartzCore.framework; sourceTree = SDKROOT; };
		5809533E14E6D35B00740756 /* Lesson.h */ = {isa = PBXFileReference; fileEncoding = 4; lastKnownFileType = sourcecode.c.h; path = Lesson.h; sourceTree = "<group>"; };
		5818615114AAAF2100DEA945 /* GrammerTrainer.app */ = {isa = PBXFileReference; explicitFileType = wrapper.application; includeInIndex = 0; path = GrammerTrainer.app; sourceTree = BUILT_PRODUCTS_DIR; };
		5818615514AAAF2100DEA945 /* UIKit.framework */ = {isa = PBXFileReference; lastKnownFileType = wrapper.framework; name = UIKit.framework; path = System/Library/Frameworks/UIKit.framework; sourceTree = SDKROOT; };
		5818615714AAAF2100DEA945 /* Foundation.framework */ = {isa = PBXFileReference; lastKnownFileType = wrapper.framework; name = Foundation.framework; path = System/Library/Frameworks/Foundation.framework; sourceTree = SDKROOT; };
		5818615914AAAF2100DEA945 /* CoreGraphics.framework */ = {isa = PBXFileReference; lastKnownFileType = wrapper.framework; name = CoreGraphics.framework; path = System/Library/Frameworks/CoreGraphics.framework; sourceTree = SDKROOT; };
		5818615D14AAAF2100DEA945 /* GrammerTrainer-Info.plist */ = {isa = PBXFileReference; lastKnownFileType = text.plist.xml; path = "GrammerTrainer-Info.plist"; sourceTree = "<group>"; };
		5818615F14AAAF2100DEA945 /* en */ = {isa = PBXFileReference; lastKnownFileType = text.plist.strings; name = en; path = en.lproj/InfoPlist.strings; sourceTree = "<group>"; };
		5818616114AAAF2100DEA945 /* main.m */ = {isa = PBXFileReference; lastKnownFileType = sourcecode.c.objc; path = main.m; sourceTree = "<group>"; };
		5818616314AAAF2100DEA945 /* GrammerTrainer-Prefix.pch */ = {isa = PBXFileReference; lastKnownFileType = sourcecode.c.h; path = "GrammerTrainer-Prefix.pch"; sourceTree = "<group>"; };
		5818616414AAAF2100DEA945 /* AppDelegate.h */ = {isa = PBXFileReference; lastKnownFileType = sourcecode.c.h; path = AppDelegate.h; sourceTree = "<group>"; };
		5818616514AAAF2100DEA945 /* AppDelegate.m */ = {isa = PBXFileReference; lastKnownFileType = sourcecode.c.objc; lineEnding = 0; path = AppDelegate.m; sourceTree = "<group>"; xcLanguageSpecificationIdentifier = xcode.lang.objc; };
		5818616714AAAF2100DEA945 /* ViewController.h */ = {isa = PBXFileReference; lastKnownFileType = sourcecode.c.h; path = ViewController.h; sourceTree = "<group>"; };
		5818616814AAAF2100DEA945 /* ViewController.m */ = {isa = PBXFileReference; lastKnownFileType = sourcecode.c.objc; path = ViewController.m; sourceTree = "<group>"; };
		5818616B14AAAF2100DEA945 /* en */ = {isa = PBXFileReference; lastKnownFileType = file.xib; name = en; path = en.lproj/ViewController_iPhone.xib; sourceTree = "<group>"; };
		5818616E14AAAF2100DEA945 /* en */ = {isa = PBXFileReference; lastKnownFileType = file.xib; name = en; path = en.lproj/ViewController_iPad.xib; sourceTree = "<group>"; };
		5818617614AAB0B600DEA945 /* grammer */ = {isa = PBXFileReference; lastKnownFileType = folder; name = grammer; path = GrammerTrainer/grammer; sourceTree = "<group>"; };
		5825CBA514E702D200467271 /* QuoteCell.xib */ = {isa = PBXFileReference; fileEncoding = 4; lastKnownFileType = file.xib; path = QuoteCell.xib; sourceTree = "<group>"; };
		5825CBAF14E874CD00467271 /* Level.h */ = {isa = PBXFileReference; fileEncoding = 4; lastKnownFileType = sourcecode.c.h; path = Level.h; sourceTree = "<group>"; };
		5825CBB014E874CE00467271 /* Level.m */ = {isa = PBXFileReference; fileEncoding = 4; lastKnownFileType = sourcecode.c.objc; path = Level.m; sourceTree = "<group>"; };
		5825CBB414E8840600467271 /* levelIcon.png */ = {isa = PBXFileReference; lastKnownFileType = image.png; path = levelIcon.png; sourceTree = "<group>"; };
		5825CBB614E89DFA00467271 /* GT_Logo.png */ = {isa = PBXFileReference; lastKnownFileType = image.png; path = GT_Logo.png; sourceTree = "<group>"; };
		5825CBB814E89F4200467271 /* icon.png */ = {isa = PBXFileReference; lastKnownFileType = image.png; path = icon.png; sourceTree = "<group>"; };
		5825CBBA14E89F5200467271 /* icon@2x.png */ = {isa = PBXFileReference; lastKnownFileType = image.png; path = "icon@2x.png"; sourceTree = "<group>"; };
		5825CBBC14E89F6000467271 /* icon72.png */ = {isa = PBXFileReference; lastKnownFileType = image.png; path = icon72.png; sourceTree = "<group>"; };
		58783AEE14D5A04D001DE059 /* JSON.h */ = {isa = PBXFileReference; fileEncoding = 4; lastKnownFileType = sourcecode.c.h; path = JSON.h; sourceTree = "<group>"; };
		58783AEF14D5A04D001DE059 /* NSObject+SBJSON.h */ = {isa = PBXFileReference; fileEncoding = 4; lastKnownFileType = sourcecode.c.h; path = "NSObject+SBJSON.h"; sourceTree = "<group>"; };
		58783AF014D5A04D001DE059 /* NSObject+SBJSON.m */ = {isa = PBXFileReference; fileEncoding = 4; lastKnownFileType = sourcecode.c.objc; path = "NSObject+SBJSON.m"; sourceTree = "<group>"; };
		58783AF114D5A04D001DE059 /* NSString+SBJSON.h */ = {isa = PBXFileReference; fileEncoding = 4; lastKnownFileType = sourcecode.c.h; path = "NSString+SBJSON.h"; sourceTree = "<group>"; };
		58783AF214D5A04D001DE059 /* NSString+SBJSON.m */ = {isa = PBXFileReference; fileEncoding = 4; lastKnownFileType = sourcecode.c.objc; path = "NSString+SBJSON.m"; sourceTree = "<group>"; };
		58783AF314D5A04D001DE059 /* SBJSON.h */ = {isa = PBXFileReference; fileEncoding = 4; lastKnownFileType = sourcecode.c.h; path = SBJSON.h; sourceTree = "<group>"; };
		58783AF414D5A04D001DE059 /* SBJSON.m */ = {isa = PBXFileReference; fileEncoding = 4; lastKnownFileType = sourcecode.c.objc; path = SBJSON.m; sourceTree = "<group>"; };
		58783AF514D5A04D001DE059 /* SBJsonBase.h */ = {isa = PBXFileReference; fileEncoding = 4; lastKnownFileType = sourcecode.c.h; path = SBJsonBase.h; sourceTree = "<group>"; };
		58783AF614D5A04D001DE059 /* SBJsonBase.m */ = {isa = PBXFileReference; fileEncoding = 4; lastKnownFileType = sourcecode.c.objc; path = SBJsonBase.m; sourceTree = "<group>"; };
		58783AF714D5A04D001DE059 /* SBJsonParser.h */ = {isa = PBXFileReference; fileEncoding = 4; lastKnownFileType = sourcecode.c.h; path = SBJsonParser.h; sourceTree = "<group>"; };
		58783AF814D5A04D001DE059 /* SBJsonParser.m */ = {isa = PBXFileReference; fileEncoding = 4; lastKnownFileType = sourcecode.c.objc; path = SBJsonParser.m; sourceTree = "<group>"; };
		58783AF914D5A04D001DE059 /* SBJsonWriter.h */ = {isa = PBXFileReference; fileEncoding = 4; lastKnownFileType = sourcecode.c.h; path = SBJsonWriter.h; sourceTree = "<group>"; };
		58783AFA14D5A04D001DE059 /* SBJsonWriter.m */ = {isa = PBXFileReference; fileEncoding = 4; lastKnownFileType = sourcecode.c.objc; path = SBJsonWriter.m; sourceTree = "<group>"; };
		58783B0114D5CC21001DE059 /* initDataModel.js */ = {isa = PBXFileReference; fileEncoding = 4; lastKnownFileType = sourcecode.javascript; path = initDataModel.js; sourceTree = "<group>"; };
		58783B1F14D643C1001DE059 /* grammerManifest.plist */ = {isa = PBXFileReference; fileEncoding = 4; lastKnownFileType = text.plist.xml; path = grammerManifest.plist; sourceTree = "<group>"; };
		58D0937514E9FFC0003DA53D /* UACellBackgroundView.m */ = {isa = PBXFileReference; fileEncoding = 4; lastKnownFileType = sourcecode.c.objc; path = UACellBackgroundView.m; sourceTree = "<group>"; };
		58D0937614E9FFC0003DA53D /* UACellBackgroundView.h */ = {isa = PBXFileReference; fileEncoding = 4; lastKnownFileType = sourcecode.c.h; path = UACellBackgroundView.h; sourceTree = "<group>"; };
		58D0937714E9FFC0003DA53D /* ResultsTableViewCell.h */ = {isa = PBXFileReference; fileEncoding = 4; lastKnownFileType = sourcecode.c.h; path = ResultsTableViewCell.h; sourceTree = "<group>"; };
		58D0937814E9FFC0003DA53D /* ResultsTableViewCell.m */ = {isa = PBXFileReference; fileEncoding = 4; lastKnownFileType = sourcecode.c.objc; path = ResultsTableViewCell.m; sourceTree = "<group>"; };
		58D0937914E9FFC0003DA53D /* ResultsTableCell.xib */ = {isa = PBXFileReference; fileEncoding = 4; lastKnownFileType = file.xib; path = ResultsTableCell.xib; sourceTree = "<group>"; };
		58D0937D14EA0065003DA53D /* NotebookPage.png */ = {isa = PBXFileReference; lastKnownFileType = image.png; path = NotebookPage.png; sourceTree = "<group>"; };
		58D0937E14EA0065003DA53D /* NotebookPage@2x.png */ = {isa = PBXFileReference; lastKnownFileType = image.png; path = "NotebookPage@2x.png"; sourceTree = "<group>"; };
		58D0938114EA0FAB003DA53D /* paperPattern.png */ = {isa = PBXFileReference; lastKnownFileType = image.png; path = paperPattern.png; sourceTree = "<group>"; };
		58E69C8414DA30CC00D3FB8D /* lesson_3.js */ = {isa = PBXFileReference; fileEncoding = 4; lastKnownFileType = sourcecode.javascript; name = lesson_3.js; path = GrammerTrainer/grammer/lesson_3.js; sourceTree = "<group>"; };
		58E69C8514DA30CC00D3FB8D /* lesson_2.js */ = {isa = PBXFileReference; fileEncoding = 4; lastKnownFileType = sourcecode.javascript; name = lesson_2.js; path = GrammerTrainer/grammer/lesson_2.js; sourceTree = "<group>"; };
		58E69C8614DA30CC00D3FB8D /* lesson_1.js */ = {isa = PBXFileReference; fileEncoding = 4; lastKnownFileType = sourcecode.javascript; name = lesson_1.js; path = GrammerTrainer/grammer/lesson_1.js; sourceTree = "<group>"; };
		58E69CA614DB95C600D3FB8D /* WelcomeToGM.png */ = {isa = PBXFileReference; lastKnownFileType = image.png; path = WelcomeToGM.png; sourceTree = "<group>"; };
/* End PBXFileReference section */

/* Begin PBXFrameworksBuildPhase section */
		5818614E14AAAF2100DEA945 /* Frameworks */ = {
			isa = PBXFrameworksBuildPhase;
			buildActionMask = 2147483647;
			files = (
				5809533D14E6D06000740756 /* QuartzCore.framework in Frameworks */,
				5818615614AAAF2100DEA945 /* UIKit.framework in Frameworks */,
				5818615814AAAF2100DEA945 /* Foundation.framework in Frameworks */,
				5818615A14AAAF2100DEA945 /* CoreGraphics.framework in Frameworks */,
			);
			runOnlyForDeploymentPostprocessing = 0;
		};
/* End PBXFrameworksBuildPhase section */

/* Begin PBXGroup section */
		5809532214E6CF8A00740756 /* TableView */ = {
			isa = PBXGroup;
			children = (
				5809533114E6CFD600740756 /* Model Classes */,
				5809532A14E6CFB400740756 /* Cells */,
				5809532414E6CFA400740756 /* SectionInfo.h */,
				5809532514E6CFA400740756 /* SectionInfo.m */,
				5809532614E6CFA400740756 /* SectionHeaderView.h */,
				5809532714E6CFA400740756 /* SectionHeaderView.m */,
			);
			name = TableView;
			sourceTree = "<group>";
		};
		5809532A14E6CFB400740756 /* Cells */ = {
			isa = PBXGroup;
			children = (
				58D0938114EA0FAB003DA53D /* paperPattern.png */,
				58D0937D14EA0065003DA53D /* NotebookPage.png */,
				58D0937E14EA0065003DA53D /* NotebookPage@2x.png */,
				58D0937514E9FFC0003DA53D /* UACellBackgroundView.m */,
				58D0937614E9FFC0003DA53D /* UACellBackgroundView.h */,
				58D0937714E9FFC0003DA53D /* ResultsTableViewCell.h */,
				58D0937814E9FFC0003DA53D /* ResultsTableViewCell.m */,
				58D0937914E9FFC0003DA53D /* ResultsTableCell.xib */,
				5809533814E6D01300740756 /* carat.png */,
				5809533914E6D01300740756 /* carat-open.png */,
				5809532B14E6CFC400740756 /* QuoteCell.h */,
				5809532C14E6CFC400740756 /* QuoteCell.m */,
				5825CBA514E702D200467271 /* QuoteCell.xib */,
			);
			name = Cells;
			sourceTree = "<group>";
		};
		5809533114E6CFD600740756 /* Model Classes */ = {
			isa = PBXGroup;
			children = (
				5825CBAF14E874CD00467271 /* Level.h */,
				5825CBB014E874CE00467271 /* Level.m */,
				5809533214E6CFFA00740756 /* Module.h */,
				5809533314E6CFFA00740756 /* Module.m */,
				5809533E14E6D35B00740756 /* Lesson.h */,
				5809533514E6CFFA00740756 /* Lesson.m */,
			);
			name = "Model Classes";
			sourceTree = "<group>";
		};
		5818614614AAAF2100DEA945 = {
			isa = PBXGroup;
			children = (
				5825CBBC14E89F6000467271 /* icon72.png */,
				5825CBBA14E89F5200467271 /* icon@2x.png */,
				5825CBB814E89F4200467271 /* icon.png */,
				5825CBB614E89DFA00467271 /* GT_Logo.png */,
				5825CBB414E8840600467271 /* levelIcon.png */,
				58E69CA614DB95C600D3FB8D /* WelcomeToGM.png */,
				58E69C8414DA30CC00D3FB8D /* lesson_3.js */,
				58E69C8514DA30CC00D3FB8D /* lesson_2.js */,
				58E69C8614DA30CC00D3FB8D /* lesson_1.js */,
				58783B1F14D643C1001DE059 /* grammerManifest.plist */,
				58783AED14D5A03B001DE059 /* JSON */,
				5818617514AAB07800DEA945 /* Web Content */,
				5818615B14AAAF2100DEA945 /* GrammerTrainer */,
				5818615414AAAF2100DEA945 /* Frameworks */,
				5818615214AAAF2100DEA945 /* Products */,
			);
			sourceTree = "<group>";
		};
		5818615214AAAF2100DEA945 /* Products */ = {
			isa = PBXGroup;
			children = (
				5818615114AAAF2100DEA945 /* GrammerTrainer.app */,
			);
			name = Products;
			sourceTree = "<group>";
		};
		5818615414AAAF2100DEA945 /* Frameworks */ = {
			isa = PBXGroup;
			children = (
				5809533C14E6D06000740756 /* QuartzCore.framework */,
				5818615514AAAF2100DEA945 /* UIKit.framework */,
				5818615714AAAF2100DEA945 /* Foundation.framework */,
				5818615914AAAF2100DEA945 /* CoreGraphics.framework */,
			);
			name = Frameworks;
			sourceTree = "<group>";
		};
		5818615B14AAAF2100DEA945 /* GrammerTrainer */ = {
			isa = PBXGroup;
			children = (
				5809532214E6CF8A00740756 /* TableView */,
				5818616414AAAF2100DEA945 /* AppDelegate.h */,
				5818616514AAAF2100DEA945 /* AppDelegate.m */,
				5818616714AAAF2100DEA945 /* ViewController.h */,
				5818616814AAAF2100DEA945 /* ViewController.m */,
				5818616A14AAAF2100DEA945 /* ViewController_iPhone.xib */,
				5818616D14AAAF2100DEA945 /* ViewController_iPad.xib */,
				5818615C14AAAF2100DEA945 /* Supporting Files */,
			);
			path = GrammerTrainer;
			sourceTree = "<group>";
		};
		5818615C14AAAF2100DEA945 /* Supporting Files */ = {
			isa = PBXGroup;
			children = (
				5818615D14AAAF2100DEA945 /* GrammerTrainer-Info.plist */,
				5818615E14AAAF2100DEA945 /* InfoPlist.strings */,
				5818616114AAAF2100DEA945 /* main.m */,
				5818616314AAAF2100DEA945 /* GrammerTrainer-Prefix.pch */,
			);
			name = "Supporting Files";
			sourceTree = "<group>";
		};
		5818617514AAB07800DEA945 /* Web Content */ = {
			isa = PBXGroup;
			children = (
				58783B0114D5CC21001DE059 /* initDataModel.js */,
				5818617614AAB0B600DEA945 /* grammer */,
			);
			name = "Web Content";
			sourceTree = "<group>";
		};
		58783AED14D5A03B001DE059 /* JSON */ = {
			isa = PBXGroup;
			children = (
				58783AEE14D5A04D001DE059 /* JSON.h */,
				58783AEF14D5A04D001DE059 /* NSObject+SBJSON.h */,
				58783AF014D5A04D001DE059 /* NSObject+SBJSON.m */,
				58783AF114D5A04D001DE059 /* NSString+SBJSON.h */,
				58783AF214D5A04D001DE059 /* NSString+SBJSON.m */,
				58783AF314D5A04D001DE059 /* SBJSON.h */,
				58783AF414D5A04D001DE059 /* SBJSON.m */,
				58783AF514D5A04D001DE059 /* SBJsonBase.h */,
				58783AF614D5A04D001DE059 /* SBJsonBase.m */,
				58783AF714D5A04D001DE059 /* SBJsonParser.h */,
				58783AF814D5A04D001DE059 /* SBJsonParser.m */,
				58783AF914D5A04D001DE059 /* SBJsonWriter.h */,
				58783AFA14D5A04D001DE059 /* SBJsonWriter.m */,
			);
			name = JSON;
			sourceTree = "<group>";
		};
/* End PBXGroup section */

/* Begin PBXNativeTarget section */
		5818615014AAAF2100DEA945 /* GrammerTrainer */ = {
			isa = PBXNativeTarget;
			buildConfigurationList = 5818617214AAAF2100DEA945 /* Build configuration list for PBXNativeTarget "GrammerTrainer" */;
			buildPhases = (
				5818614D14AAAF2100DEA945 /* Sources */,
				5818614E14AAAF2100DEA945 /* Frameworks */,
				5818614F14AAAF2100DEA945 /* Resources */,
			);
			buildRules = (
			);
			dependencies = (
			);
			name = GrammerTrainer;
			productName = GrammerTrainer;
			productReference = 5818615114AAAF2100DEA945 /* GrammerTrainer.app */;
			productType = "com.apple.product-type.application";
		};
/* End PBXNativeTarget section */

/* Begin PBXProject section */
		5818614814AAAF2100DEA945 /* Project object */ = {
			isa = PBXProject;
			attributes = {
				LastUpgradeCheck = 0420;
			};
			buildConfigurationList = 5818614B14AAAF2100DEA945 /* Build configuration list for PBXProject "GrammerTrainer" */;
			compatibilityVersion = "Xcode 3.2";
			developmentRegion = English;
			hasScannedForEncodings = 0;
			knownRegions = (
				en,
			);
			mainGroup = 5818614614AAAF2100DEA945;
			productRefGroup = 5818615214AAAF2100DEA945 /* Products */;
			projectDirPath = "";
			projectRoot = "";
			targets = (
				5818615014AAAF2100DEA945 /* GrammerTrainer */,
			);
		};
/* End PBXProject section */

/* Begin PBXResourcesBuildPhase section */
		5818614F14AAAF2100DEA945 /* Resources */ = {
			isa = PBXResourcesBuildPhase;
			buildActionMask = 2147483647;
			files = (
				58E69C8B14DA30E200D3FB8D /* lesson_3.js in Resources */,
				58E69C8C14DA30E200D3FB8D /* lesson_2.js in Resources */,
				58E69C8D14DA30E200D3FB8D /* lesson_1.js in Resources */,
				58783B0314D5CC45001DE059 /* initDataModel.js in Resources */,
				5818616014AAAF2100DEA945 /* InfoPlist.strings in Resources */,
				5818616C14AAAF2100DEA945 /* ViewController_iPhone.xib in Resources */,
				5818616F14AAAF2100DEA945 /* ViewController_iPad.xib in Resources */,
				5818617714AAB0B600DEA945 /* grammer in Resources */,
				58783B2014D643C1001DE059 /* grammerManifest.plist in Resources */,
				58E69CA714DB95C600D3FB8D /* WelcomeToGM.png in Resources */,
				5809533A14E6D01300740756 /* carat.png in Resources */,
				5809533B14E6D01300740756 /* carat-open.png in Resources */,
				5825CBA614E702D200467271 /* QuoteCell.xib in Resources */,
				5825CBB514E8840600467271 /* levelIcon.png in Resources */,
				5825CBB714E89DFA00467271 /* GT_Logo.png in Resources */,
				5825CBB914E89F4200467271 /* icon.png in Resources */,
				5825CBBB14E89F5200467271 /* icon@2x.png in Resources */,
				5825CBBD14E89F6000467271 /* icon72.png in Resources */,
				58D0937C14E9FFC0003DA53D /* ResultsTableCell.xib in Resources */,
				58D0937F14EA0065003DA53D /* NotebookPage.png in Resources */,
				58D0938014EA0065003DA53D /* NotebookPage@2x.png in Resources */,
				58D0938214EA0FAC003DA53D /* paperPattern.png in Resources */,
			);
			runOnlyForDeploymentPostprocessing = 0;
		};
/* End PBXResourcesBuildPhase section */

/* Begin PBXSourcesBuildPhase section */
		5818614D14AAAF2100DEA945 /* Sources */ = {
			isa = PBXSourcesBuildPhase;
			buildActionMask = 2147483647;
			files = (
				5818616214AAAF2100DEA945 /* main.m in Sources */,
				5818616614AAAF2100DEA945 /* AppDelegate.m in Sources */,
				5818616914AAAF2100DEA945 /* ViewController.m in Sources */,
				58783AFB14D5A04D001DE059 /* NSObject+SBJSON.m in Sources */,
				58783AFC14D5A04D001DE059 /* NSString+SBJSON.m in Sources */,
				58783AFD14D5A04D001DE059 /* SBJSON.m in Sources */,
				58783AFE14D5A04D001DE059 /* SBJsonBase.m in Sources */,
				58783AFF14D5A04D001DE059 /* SBJsonParser.m in Sources */,
				58783B0014D5A04D001DE059 /* SBJsonWriter.m in Sources */,
				5809532814E6CFA400740756 /* SectionInfo.m in Sources */,
				5809532914E6CFA400740756 /* SectionHeaderView.m in Sources */,
				5809532F14E6CFC400740756 /* QuoteCell.m in Sources */,
				5809533614E6CFFA00740756 /* Module.m in Sources */,
				5809533714E6CFFA00740756 /* Lesson.m in Sources */,
				5825CBB114E874CE00467271 /* Level.m in Sources */,
				58D0937A14E9FFC0003DA53D /* UACellBackgroundView.m in Sources */,
				58D0937B14E9FFC0003DA53D /* ResultsTableViewCell.m in Sources */,
			);
			runOnlyForDeploymentPostprocessing = 0;
		};
/* End PBXSourcesBuildPhase section */

/* Begin PBXVariantGroup section */
		5818615E14AAAF2100DEA945 /* InfoPlist.strings */ = {
			isa = PBXVariantGroup;
			children = (
				5818615F14AAAF2100DEA945 /* en */,
			);
			name = InfoPlist.strings;
			sourceTree = "<group>";
		};
		5818616A14AAAF2100DEA945 /* ViewController_iPhone.xib */ = {
			isa = PBXVariantGroup;
			children = (
				5818616B14AAAF2100DEA945 /* en */,
			);
			name = ViewController_iPhone.xib;
			sourceTree = "<group>";
		};
		5818616D14AAAF2100DEA945 /* ViewController_iPad.xib */ = {
			isa = PBXVariantGroup;
			children = (
				5818616E14AAAF2100DEA945 /* en */,
			);
			name = ViewController_iPad.xib;
			sourceTree = "<group>";
		};
/* End PBXVariantGroup section */

/* Begin XCBuildConfiguration section */
		5818617014AAAF2100DEA945 /* Debug */ = {
			isa = XCBuildConfiguration;
			buildSettings = {
				ALWAYS_SEARCH_USER_PATHS = NO;
				ARCHS = "$(ARCHS_STANDARD_32_BIT)";
				CLANG_ENABLE_OBJC_ARC = YES;
				"CODE_SIGN_IDENTITY[sdk=iphoneos*]" = "iPhone Developer";
				COPY_PHASE_STRIP = NO;
				GCC_C_LANGUAGE_STANDARD = gnu99;
				GCC_DYNAMIC_NO_PIC = NO;
				GCC_OPTIMIZATION_LEVEL = 0;
				GCC_PREPROCESSOR_DEFINITIONS = (
					"DEBUG=1",
					"$(inherited)",
				);
				GCC_SYMBOLS_PRIVATE_EXTERN = NO;
				GCC_VERSION = com.apple.compilers.llvm.clang.1_0;
				GCC_WARN_ABOUT_MISSING_PROTOTYPES = YES;
				GCC_WARN_ABOUT_RETURN_TYPE = YES;
				GCC_WARN_UNUSED_VARIABLE = YES;
				IPHONEOS_DEPLOYMENT_TARGET = 5.0;
				SDKROOT = iphoneos;
				TARGETED_DEVICE_FAMILY = "1,2";
			};
			name = Debug;
		};
		5818617114AAAF2100DEA945 /* Release */ = {
			isa = XCBuildConfiguration;
			buildSettings = {
				ALWAYS_SEARCH_USER_PATHS = NO;
				ARCHS = "$(ARCHS_STANDARD_32_BIT)";
				CLANG_ENABLE_OBJC_ARC = YES;
				"CODE_SIGN_IDENTITY[sdk=iphoneos*]" = "iPhone Developer";
				COPY_PHASE_STRIP = YES;
				GCC_C_LANGUAGE_STANDARD = gnu99;
				GCC_VERSION = com.apple.compilers.llvm.clang.1_0;
				GCC_WARN_ABOUT_MISSING_PROTOTYPES = YES;
				GCC_WARN_ABOUT_RETURN_TYPE = YES;
				GCC_WARN_UNUSED_VARIABLE = YES;
				IPHONEOS_DEPLOYMENT_TARGET = 5.0;
				OTHER_CFLAGS = "-DNS_BLOCK_ASSERTIONS=1";
				SDKROOT = iphoneos;
				TARGETED_DEVICE_FAMILY = "1,2";
				VALIDATE_PRODUCT = YES;
			};
			name = Release;
		};
		5818617314AAAF2100DEA945 /* Debug */ = {
			isa = XCBuildConfiguration;
			buildSettings = {
				GCC_PRECOMPILE_PREFIX_HEADER = YES;
				GCC_PREFIX_HEADER = "GrammerTrainer/GrammerTrainer-Prefix.pch";
				INFOPLIST_FILE = "GrammerTrainer/GrammerTrainer-Info.plist";
				PRODUCT_NAME = "$(TARGET_NAME)";
				WRAPPER_EXTENSION = app;
			};
			name = Debug;
		};
		5818617414AAAF2100DEA945 /* Release */ = {
			isa = XCBuildConfiguration;
			buildSettings = {
				GCC_PRECOMPILE_PREFIX_HEADER = YES;
				GCC_PREFIX_HEADER = "GrammerTrainer/GrammerTrainer-Prefix.pch";
				INFOPLIST_FILE = "GrammerTrainer/GrammerTrainer-Info.plist";
				PRODUCT_NAME = "$(TARGET_NAME)";
				WRAPPER_EXTENSION = app;
			};
			name = Release;
		};
/* End XCBuildConfiguration section */

/* Begin XCConfigurationList section */
		5818614B14AAAF2100DEA945 /* Build configuration list for PBXProject "GrammerTrainer" */ = {
			isa = XCConfigurationList;
			buildConfigurations = (
				5818617014AAAF2100DEA945 /* Debug */,
				5818617114AAAF2100DEA945 /* Release */,
			);
			defaultConfigurationIsVisible = 0;
			defaultConfigurationName = Release;
		};
		5818617214AAAF2100DEA945 /* Build configuration list for PBXNativeTarget "GrammerTrainer" */ = {
			isa = XCConfigurationList;
			buildConfigurations = (
				5818617314AAAF2100DEA945 /* Debug */,
				5818617414AAAF2100DEA945 /* Release */,
			);
			defaultConfigurationIsVisible = 0;
			defaultConfigurationName = Release;
		};
/* End XCConfigurationList section */
	};
	rootObject = 5818614814AAAF2100DEA945 /* Project object */;
}
